
Microsoft Visual Studio Solution File, Format Version 12.00
# Visual Studio Version 17
VisualStudioVersion = 17.5.002.0
MinimumVisualStudioVersion = 10.0.40219.1
Project("{9A19103F-16F7-4668-BE54-9A1E7A4F7556}") = "XADREZ", "XADREZ.csproj", "{07CF984D-91BE-48EA-9055-9898D91D10B0}"
EndProject
Global
	GlobalSection(SolutionConfigurationPlatforms) = preSolution
		Debug|Any CPU = Debug|Any CPU
		Release|Any CPU = Release|Any CPU
	EndGlobalSection
	GlobalSection(ProjectConfigurationPlatforms) = postSolution
		{07CF984D-91BE-48EA-9055-9898D91D10B0}.Debug|Any CPU.ActiveCfg = Debug|Any CPU
		{07CF984D-91BE-48EA-9055-9898D91D10B0}.Debug|Any CPU.Build.0 = Debug|Any CPU
		{07CF984D-91BE-48EA-9055-9898D91D10B0}.Release|Any CPU.ActiveCfg = Release|Any CPU
		{07CF984D-91BE-48EA-9055-9898D91D10B0}.Release|Any CPU.Build.0 = Release|Any CPU
	EndGlobalSection
	GlobalSection(SolutionProperties) = preSolution
		HideSolutionNode = FALSE
	EndGlobalSection
	GlobalSection(ExtensibilityGlobals) = postSolution
		SolutionGuid = {0E59E4C2-A762-47BC-B284-D07D3539A546}
	EndGlobalSection
EndGlobal
